// !$*UTF8*$!
{
	archiveVersion = 1;
	classes = {
	};
	objectVersion = 46;
	objects = {

/* Begin PBXBuildFile section */
		2797ABD41EFAADC3005A43FB /* main.m in Sources */ = {isa = PBXBuildFile; fileRef = 2797ABD31EFAADC3005A43FB /* main.m */; };
		2797ABD71EFAADC3005A43FB /* AppDelegate.m in Sources */ = {isa = PBXBuildFile; fileRef = 2797ABD61EFAADC3005A43FB /* AppDelegate.m */; };
		2797ABDA1EFAADC3005A43FB /* ViewController.m in Sources */ = {isa = PBXBuildFile; fileRef = 2797ABD91EFAADC3005A43FB /* ViewController.m */; };
		2797ABDD1EFAADC3005A43FB /* Main.storyboard in Resources */ = {isa = PBXBuildFile; fileRef = 2797ABDB1EFAADC3005A43FB /* Main.storyboard */; };
		2797ABDF1EFAADC3005A43FB /* Assets.xcassets in Resources */ = {isa = PBXBuildFile; fileRef = 2797ABDE1EFAADC3005A43FB /* Assets.xcassets */; };
		2797ABE21EFAADC3005A43FB /* LaunchScreen.storyboard in Resources */ = {isa = PBXBuildFile; fileRef = 2797ABE01EFAADC3005A43FB /* LaunchScreen.storyboard */; };
		2797ABF31EFAAE10005A43FB /* bunny.mp4 in Resources */ = {isa = PBXBuildFile; fileRef = 2797ABEF1EFAAE10005A43FB /* bunny.mp4 */; };
		2797ABF41EFAAE10005A43FB /* Getting-Started-with-iBeacon.pdf in Resources */ = {isa = PBXBuildFile; fileRef = 2797ABF01EFAAE10005A43FB /* Getting-Started-with-iBeacon.pdf */; };
		8D35BBBCC1BADC6BE3D43155 /* Pods_LTQuickPreviewDemo.framework in Frameworks */ = {isa = PBXBuildFile; fileRef = F5A1AC36E83FC3BB590F1133 /* Pods_LTQuickPreviewDemo.framework */; };
/* End PBXBuildFile section */

/* Begin PBXFileReference section */
		141CD7B786FE53779EDDFE35 /* Pods-LTQuickPreviewDemo.debug.xcconfig */ = {isa = PBXFileReference; includeInIndex = 1; lastKnownFileType = text.xcconfig; name = "Pods-LTQuickPreviewDemo.debug.xcconfig"; path = "Pods/Target Support Files/Pods-LTQuickPreviewDemo/Pods-LTQuickPreviewDemo.debug.xcconfig"; sourceTree = "<group>"; };
		2797ABCF1EFAADC3005A43FB /* LTQuickPreviewDemo.app */ = {isa = PBXFileReference; explicitFileType = wrapper.application; includeInIndex = 0; path = LTQuickPreviewDemo.app; sourceTree = BUILT_PRODUCTS_DIR; };
		2797ABD31EFAADC3005A43FB /* main.m */ = {isa = PBXFileReference; lastKnownFileType = sourcecode.c.objc; path = main.m; sourceTree = "<group>"; };
		2797ABD51EFAADC3005A43FB /* AppDelegate.h */ = {isa = PBXFileReference; lastKnownFileType = sourcecode.c.h; path = AppDelegate.h; sourceTree = "<group>"; };
		2797ABD61EFAADC3005A43FB /* AppDelegate.m */ = {isa = PBXFileReference; lastKnownFileType = sourcecode.c.objc; path = AppDelegate.m; sourceTree = "<group>"; };
		2797ABD81EFAADC3005A43FB /* ViewController.h */ = {isa = PBXFileReference; lastKnownFileType = sourcecode.c.h; path = ViewController.h; sourceTree = "<group>"; };
		2797ABD91EFAADC3005A43FB /* ViewController.m */ = {isa = PBXFileReference; lastKnownFileType = sourcecode.c.objc; path = ViewController.m; sourceTree = "<group>"; };
		2797ABDC1EFAADC3005A43FB /* Base */ = {isa = PBXFileReference; lastKnownFileType = file.storyboard; name = Base; path = Base.lproj/Main.storyboard; sourceTree = "<group>"; };
		2797ABDE1EFAADC3005A43FB /* Assets.xcassets */ = {isa = PBXFileReference; lastKnownFileType = folder.assetcatalog; path = Assets.xcassets; sourceTree = "<group>"; };
		2797ABE11EFAADC3005A43FB /* Base */ = {isa = PBXFileReference; lastKnownFileType = file.storyboard; name = Base; path = Base.lproj/LaunchScreen.storyboard; sourceTree = "<group>"; };
		2797ABE31EFAADC3005A43FB /* Info.plist */ = {isa = PBXFileReference; lastKnownFileType = text.plist.xml; path = Info.plist; sourceTree = "<group>"; };
		2797ABEF1EFAAE10005A43FB /* bunny.mp4 */ = {isa = PBXFileReference; lastKnownFileType = file; path = bunny.mp4; sourceTree = "<group>"; };
		2797ABF01EFAAE10005A43FB /* Getting-Started-with-iBeacon.pdf */ = {isa = PBXFileReference; lastKnownFileType = image.pdf; path = "Getting-Started-with-iBeacon.pdf"; sourceTree = "<group>"; };
		DE59F04394206EB85F2F5BC8 /* Pods-LTQuickPreviewDemo.release.xcconfig */ = {isa = PBXFileReference; includeInIndex = 1; lastKnownFileType = text.xcconfig; name = "Pods-LTQuickPreviewDemo.release.xcconfig"; path = "Pods/Target Support Files/Pods-LTQuickPreviewDemo/Pods-LTQuickPreviewDemo.release.xcconfig"; sourceTree = "<group>"; };
		F5A1AC36E83FC3BB590F1133 /* Pods_LTQuickPreviewDemo.framework */ = {isa = PBXFileReference; explicitFileType = wrapper.framework; includeInIndex = 0; path = Pods_LTQuickPreviewDemo.framework; sourceTree = BUILT_PRODUCTS_DIR; };
/* End PBXFileReference section */

/* Begin PBXFrameworksBuildPhase section */
		2797ABCC1EFAADC3005A43FB /* Frameworks */ = {
			isa = PBXFrameworksBuildPhase;
			buildActionMask = 2147483647;
			files = (
				8D35BBBCC1BADC6BE3D43155 /* Pods_LTQuickPreviewDemo.framework in Frameworks */,
			);
			runOnlyForDeploymentPostprocessing = 0;
		};
/* End PBXFrameworksBuildPhase section */

/* Begin PBXGroup section */
		2797ABC61EFAADC3005A43FB = {
			isa = PBXGroup;
			children = (
				2797ABD11EFAADC3005A43FB /* LTQuickPreviewDemo */,
				2797ABD01EFAADC3005A43FB /* Products */,
				F55515E45FB4888C29703F66 /* Pods */,
				2DDE16FE7E30395979088E63 /* Frameworks */,
			);
			sourceTree = "<group>";
		};
		2797ABD01EFAADC3005A43FB /* Products */ = {
			isa = PBXGroup;
			children = (
				2797ABCF1EFAADC3005A43FB /* LTQuickPreviewDemo.app */,
			);
			name = Products;
			sourceTree = "<group>";
		};
		2797ABD11EFAADC3005A43FB /* LTQuickPreviewDemo */ = {
			isa = PBXGroup;
			children = (
				2797ABEE1EFAAE10005A43FB /* Resource */,
				2797ABD51EFAADC3005A43FB /* AppDelegate.h */,
				2797ABD61EFAADC3005A43FB /* AppDelegate.m */,
				2797ABD81EFAADC3005A43FB /* ViewController.h */,
				2797ABD91EFAADC3005A43FB /* ViewController.m */,
				2797ABDB1EFAADC3005A43FB /* Main.storyboard */,
				2797ABDE1EFAADC3005A43FB /* Assets.xcassets */,
				2797ABE01EFAADC3005A43FB /* LaunchScreen.storyboard */,
				2797ABE31EFAADC3005A43FB /* Info.plist */,
				2797ABD21EFAADC3005A43FB /* Supporting Files */,
			);
			path = LTQuickPreviewDemo;
			sourceTree = "<group>";
		};
		2797ABD21EFAADC3005A43FB /* Supporting Files */ = {
			isa = PBXGroup;
			children = (
				2797ABD31EFAADC3005A43FB /* main.m */,
			);
			name = "Supporting Files";
			sourceTree = "<group>";
		};
		2797ABEE1EFAAE10005A43FB /* Resource */ = {
			isa = PBXGroup;
			children = (
				2797ABEF1EFAAE10005A43FB /* bunny.mp4 */,
				2797ABF01EFAAE10005A43FB /* Getting-Started-with-iBeacon.pdf */,
			);
			path = Resource;
			sourceTree = "<group>";
		};
		2DDE16FE7E30395979088E63 /* Frameworks */ = {
			isa = PBXGroup;
			children = (
				F5A1AC36E83FC3BB590F1133 /* Pods_LTQuickPreviewDemo.framework */,
			);
			name = Frameworks;
			sourceTree = "<group>";
		};
		F55515E45FB4888C29703F66 /* Pods */ = {
			isa = PBXGroup;
			children = (
				141CD7B786FE53779EDDFE35 /* Pods-LTQuickPreviewDemo.debug.xcconfig */,
				DE59F04394206EB85F2F5BC8 /* Pods-LTQuickPreviewDemo.release.xcconfig */,
			);
			name = Pods;
			sourceTree = "<group>";
		};
/* End PBXGroup section */

/* Begin PBXNativeTarget section */
		2797ABCE1EFAADC3005A43FB /* LTQuickPreviewDemo */ = {
			isa = PBXNativeTarget;
			buildConfigurationList = 2797ABE61EFAADC3005A43FB /* Build configuration list for PBXNativeTarget "LTQuickPreviewDemo" */;
			buildPhases = (
				35D94EE4E7B610F6636624DB /* [CP] Check Pods Manifest.lock */,
				2797ABCB1EFAADC3005A43FB /* Sources */,
				2797ABCC1EFAADC3005A43FB /* Frameworks */,
				2797ABCD1EFAADC3005A43FB /* Resources */,
				2848408DA19245CEECA4C640 /* [CP] Embed Pods Frameworks */,
				34924379572AA165733F3C42 /* [CP] Copy Pods Resources */,
			);
			buildRules = (
			);
			dependencies = (
			);
			name = LTQuickPreviewDemo;
			productName = LTQuickPreviewDemo;
			productReference = 2797ABCF1EFAADC3005A43FB /* LTQuickPreviewDemo.app */;
			productType = "com.apple.product-type.application";
		};
/* End PBXNativeTarget section */

/* Begin PBXProject section */
		2797ABC71EFAADC3005A43FB /* Project object */ = {
			isa = PBXProject;
			attributes = {
				LastUpgradeCheck = 0800;
				ORGANIZATIONNAME = liangtong;
				TargetAttributes = {
					2797ABCE1EFAADC3005A43FB = {
						CreatedOnToolsVersion = 8.0;
						ProvisioningStyle = Automatic;
					};
				};
			};
			buildConfigurationList = 2797ABCA1EFAADC3005A43FB /* Build configuration list for PBXProject "LTQuickPreviewDemo" */;
			compatibilityVersion = "Xcode 3.2";
			developmentRegion = English;
			hasScannedForEncodings = 0;
			knownRegions = (
				en,
				Base,
			);
			mainGroup = 2797ABC61EFAADC3005A43FB;
			productRefGroup = 2797ABD01EFAADC3005A43FB /* Products */;
			projectDirPath = "";
			projectRoot = "";
			targets = (
				2797ABCE1EFAADC3005A43FB /* LTQuickPreviewDemo */,
			);
		};
/* End PBXProject section */

/* Begin PBXResourcesBuildPhase section */
		2797ABCD1EFAADC3005A43FB /* Resources */ = {
			isa = PBXResourcesBuildPhase;
			buildActionMask = 2147483647;
			files = (
				2797ABF31EFAAE10005A43FB /* bunny.mp4 in Resources */,
				2797ABE21EFAADC3005A43FB /* LaunchScreen.storyboard in Resources */,
				2797ABDF1EFAADC3005A43FB /* Assets.xcassets in Resources */,
				2797ABDD1EFAADC3005A43FB /* Main.storyboard in Resources */,
				2797ABF41EFAAE10005A43FB /* Getting-Started-with-iBeacon.pdf in Resources */,
			);
			runOnlyForDeploymentPostprocessing = 0;
		};
/* End PBXResourcesBuildPhase section */

/* Begin PBXShellScriptBuildPhase section */
		2848408DA19245CEECA4C640 /* [CP] Embed Pods Frameworks */ = {
			isa = PBXShellScriptBuildPhase;
			buildActionMask = 2147483647;
			files = (
			);
			inputPaths = (
			);
			name = "[CP] Embed Pods Frameworks";
			outputPaths = (
			);
			runOnlyForDeploymentPostprocessing = 0;
			shellPath = /bin/sh;
			shellScript = "\"${SRCROOT}/Pods/Target Support Files/Pods-LTQuickPreviewDemo/Pods-LTQuickPreviewDemo-frameworks.sh\"\n";
			showEnvVarsInLog = 0;
		};
		34924379572AA165733F3C42 /* [CP] Copy Pods Resources */ = {
			isa = PBXShellScriptBuildPhase;
			buildActionMask = 2147483647;
			files = (
			);
			inputPaths = (
			);
			name = "[CP] Copy Pods Resources";
			outputPaths = (
			);
			runOnlyForDeploymentPostprocessing = 0;
			shellPath = /bin/sh;
			shellScript = "\"${SRCROOT}/Pods/Target Support Files/Pods-LTQuickPreviewDemo/Pods-LTQuickPreviewDemo-resources.sh\"\n";
			showEnvVarsInLog = 0;
		};
		35D94EE4E7B610F6636624DB /* [CP] Check Pods Manifest.lock */ = {
			isa = PBXShellScriptBuildPhase;
			buildActionMask = 2147483647;
			files = (
			);
			inputPaths = (
			);
			name = "[CP] Check Pods Manifest.lock";
			outputPaths = (
			);
			runOnlyForDeploymentPostprocessing = 0;
			shellPath = /bin/sh;
			shellScript = "diff \"${PODS_PODFILE_DIR_PATH}/Podfile.lock\" \"${PODS_ROOT}/Manifest.lock\" > /dev/null\nif [ $? != 0 ] ; then\n    # print error to STDERR\n    echo \"error: The sandbox is not in sync with the Podfile.lock. Run 'pod install' or update your CocoaPods installation.\" >&2\n    exit 1\nfi\n";
			showEnvVarsInLog = 0;
		};
/* End PBXShellScriptBuildPhase section */

/* Begin PBXSourcesBuildPhase section */
		2797ABCB1EFAADC3005A43FB /* Sources */ = {
			isa = PBXSourcesBuildPhase;
			buildActionMask = 2147483647;
			files = (
				2797ABDA1EFAADC3005A43FB /* ViewController.m in Sources */,
				2797ABD71EFAADC3005A43FB /* AppDelegate.m in Sources */,
				2797ABD41EFAADC3005A43FB /* main.m in Sources */,
			);
			runOnlyForDeploymentPostprocessing = 0;
		};
/* End PBXSourcesBuildPhase section */

/* Begin PBXVariantGroup section */
		2797ABDB1EFAADC3005A43FB /* Main.storyboard */ = {
			isa = PBXVariantGroup;
			children = (
				2797ABDC1EFAADC3005A43FB /* Base */,
			);
			name = Main.storyboard;
			sourceTree = "<group>";
		};
		2797ABE01EFAADC3005A43FB /* LaunchScreen.storyboard */ = {
			isa = PBXVariantGroup;
			children = (
				2797ABE11EFAADC3005A43FB /* Base */,
			);
			name = LaunchScreen.storyboard;
			sourceTree = "<group>";
		};
/* End PBXVariantGroup section */

/* Begin XCBuildConfiguration section */
		2797ABE41EFAADC3005A43FB /* Debug */ = {
			isa = XCBuildConfiguration;
			buildSettings = {
				ALWAYS_SEARCH_USER_PATHS = NO;
				CLANG_ANALYZER_NONNULL = YES;
				CLANG_CXX_LANGUAGE_STANDARD = "gnu++0x";
				CLANG_CXX_LIBRARY = "libc++";
				CLANG_ENABLE_MODULES = YES;
				CLANG_ENABLE_OBJC_ARC = YES;
				CLANG_WARN_BOOL_CONVERSION = YES;
				CLANG_WARN_CONSTANT_CONVERSION = YES;
				CLANG_WARN_DIRECT_OBJC_ISA_USAGE = YES_ERROR;
				CLANG_WARN_DOCUMENTATION_COMMENTS = YES;
				CLANG_WARN_EMPTY_BODY = YES;
				CLANG_WARN_ENUM_CONVERSION = YES;
				CLANG_WARN_INFINITE_RECURSION = YES;
				CLANG_WARN_INT_CONVERSION = YES;
				CLANG_WARN_OBJC_ROOT_CLASS = YES_ERROR;
				CLANG_WARN_SUSPICIOUS_MOVES = YES;
				CLANG_WARN_UNREACHABLE_CODE = YES;
				CLANG_WARN__DUPLICATE_METHOD_MATCH = YES;
				"CODE_SIGN_IDENTITY[sdk=iphoneos*]" = "iPhone Developer";
				COPY_PHASE_STRIP = NO;
				DEBUG_INFORMATION_FORMAT = dwarf;
				ENABLE_STRICT_OBJC_MSGSEND = YES;
				ENABLE_TESTABILITY = YES;
				GCC_C_LANGUAGE_STANDARD = gnu99;
				GCC_DYNAMIC_NO_PIC = NO;
				GCC_NO_COMMON_BLOCKS = YES;
				GCC_OPTIMIZATION_LEVEL = 0;
				GCC_PREPROCESSOR_DEFINITIONS = (
					"DEBUG=1",
					"$(inherited)",
				);
				GCC_WARN_64_TO_32_BIT_CONVERSION = YES;
				GCC_WARN_ABOUT_RETURN_TYPE = YES_ERROR;
				GCC_WARN_UNDECLARED_SELECTOR = YES;
				GCC_WARN_UNINITIALIZED_AUTOS = YES_AGGRESSIVE;
				GCC_WARN_UNUSED_FUNCTION = YES;
				GCC_WARN_UNUSED_VARIABLE = YES;
				IPHONEOS_DEPLOYMENT_TARGET = 10.0;
				MTL_ENABLE_DEBUG_INFO = YES;
				ONLY_ACTIVE_ARCH = YES;
				SDKROOT = iphoneos;
			};
			name = Debug;
		};
		2797ABE51EFAADC3005A43FB /* Release */ = {
			isa = XCBuildConfiguration;
			buildSettings = {
				ALWAYS_SEARCH_USER_PATHS = NO;
				CLANG_ANALYZER_NONNULL = YES;
				CLANG_CXX_LANGUAGE_STANDARD = "gnu++0x";
				CLANG_CXX_LIBRARY = "libc++";
				CLANG_ENABLE_MODULES = YES;
				CLANG_ENABLE_OBJC_ARC = YES;
				CLANG_WARN_BOOL_CONVERSION = YES;
				CLANG_WARN_CONSTANT_CONVERSION = YES;
				CLANG_WARN_DIRECT_OBJC_ISA_USAGE = YES_ERROR;
				CLANG_WARN_DOCUMENTATION_COMMENTS = YES;
				CLANG_WARN_EMPTY_BODY = YES;
				CLANG_WARN_ENUM_CONVERSION = YES;
				CLANG_WARN_INFINITE_RECURSION = YES;
				CLANG_WARN_INT_CONVERSION = YES;
				CLANG_WARN_OBJC_ROOT_CLASS = YES_ERROR;
				CLANG_WARN_SUSPICIOUS_MOVES = YES;
				CLANG_WARN_UNREACHABLE_CODE = YES;
				CLANG_WARN__DUPLICATE_METHOD_MATCH = YES;
				"CODE_SIGN_IDENTITY[sdk=iphoneos*]" = "iPhone Developer";
				COPY_PHASE_STRIP = NO;
				DEBUG_INFORMATION_FORMAT = "dwarf-with-dsym";
				ENABLE_NS_ASSERTIONS = NO;
				ENABLE_STRICT_OBJC_MSGSEND = YES;
				GCC_C_LANGUAGE_STANDARD = gnu99;
				GCC_NO_COMMON_BLOCKS = YES;
				GCC_WARN_64_TO_32_BIT_CONVERSION = YES;
				GCC_WARN_ABOUT_RETURN_TYPE = YES_ERROR;
				GCC_WARN_UNDECLARED_SELECTOR = YES;
				GCC_WARN_UNINITIALIZED_AUTOS = YES_AGGRESSIVE;
				GCC_WARN_UNUSED_FUNCTION = YES;
				GCC_WARN_UNUSED_VARIABLE = YES;
				IPHONEOS_DEPLOYMENT_TARGET = 10.0;
				MTL_ENABLE_DEBUG_INFO = NO;
				SDKROOT = iphoneos;
				VALIDATE_PRODUCT = YES;
			};
			name = Release;
		};
		2797ABE71EFAADC3005A43FB /* Debug */ = {
			isa = XCBuildConfiguration;
			baseConfigurationReference = 141CD7B786FE53779EDDFE35 /* Pods-LTQuickPreviewDemo.debug.xcconfig */;
			buildSettings = {
				ASSETCATALOG_COMPILER_APPICON_NAME = AppIcon;
				INFOPLIST_FILE = LTQuickPreviewDemo/Info.plist;
				IPHONEOS_DEPLOYMENT_TARGET = 9.0;
				LD_RUNPATH_SEARCH_PATHS = "$(inherited) @executable_path/Frameworks";
				PRODUCT_BUNDLE_IDENTIFIER = com.liangtong.LTQuickPreviewDemo;
				PRODUCT_NAME = "$(TARGET_NAME)";
			};
			name = Debug;
		};
		2797ABE81EFAADC3005A43FB /* Release */ = {
			isa = XCBuildConfiguration;
			baseConfigurationReference = DE59F04394206EB85F2F5BC8 /* Pods-LTQuickPreviewDemo.release.xcconfig */;
			buildSettings = {
				ASSETCATALOG_COMPILER_APPICON_NAME = AppIcon;
				INFOPLIST_FILE = LTQuickPreviewDemo/Info.plist;
				IPHONEOS_DEPLOYMENT_TARGET = 9.0;
				LD_RUNPATH_SEARCH_PATHS = "$(inherited) @executable_path/Frameworks";
				PRODUCT_BUNDLE_IDENTIFIER = com.liangtong.LTQuickPreviewDemo;
				PRODUCT_NAME = "$(TARGET_NAME)";
			};
			name = Release;
		};
/* End XCBuildConfiguration section */

/* Begin XCConfigurationList section */
		2797ABCA1EFAADC3005A43FB /* Build configuration list for PBXProject "LTQuickPreviewDemo" */ = {
			isa = XCConfigurationList;
			buildConfigurations = (
				2797ABE41EFAADC3005A43FB /* Debug */,
				2797ABE51EFAADC3005A43FB /* Release */,
			);
			defaultConfigurationIsVisible = 0;
			defaultConfigurationName = Release;
		};
		2797ABE61EFAADC3005A43FB /* Build configuration list for PBXNativeTarget "LTQuickPreviewDemo" */ = {
			isa = XCConfigurationList;
			buildConfigurations = (
				2797ABE71EFAADC3005A43FB /* Debug */,
				2797ABE81EFAADC3005A43FB /* Release */,
			);
			defaultConfigurationIsVisible = 0;
			defaultConfigurationName = Release;
		};
/* End XCConfigurationList section */
	};
	rootObject = 2797ABC71EFAADC3005A43FB /* Project object */;
}
